// !$*UTF8*$!
{
	archiveVersion = 1;
	classes = {
	};
	objectVersion = 46;
	objects = {

/* Begin PBXBuildFile section */
		5B0BD18619FE40EC0049B3B7 /* LKVector+Miscellaneous.h in Headers */ = {isa = PBXBuildFile; fileRef = 5B0BD18419FE40EC0049B3B7 /* LKVector+Miscellaneous.h */; };
		5B0BD18719FE40EC0049B3B7 /* LKVector+Miscellaneous.m in Sources */ = {isa = PBXBuildFile; fileRef = 5B0BD18519FE40EC0049B3B7 /* LKVector+Miscellaneous.m */; };
		5B2D4A8A19F797A700D15E17 /* TestLKVector+Accessing.m in Sources */ = {isa = PBXBuildFile; fileRef = 5B2D4A8919F797A700D15E17 /* TestLKVector+Accessing.m */; };
		5B2D4A8C19F79C2300D15E17 /* TestLKVector+Subvector.m in Sources */ = {isa = PBXBuildFile; fileRef = 5B2D4A8B19F79C2300D15E17 /* TestLKVector+Subvector.m */; };
		5B538E0019F82C0D005E7773 /* LKOperation.h in Headers */ = {isa = PBXBuildFile; fileRef = 5B538DFF19F82C08005E7773 /* LKOperation.h */; };
		5B538E0119F82C4D005E7773 /* LKPrecision.h in Headers */ = {isa = PBXBuildFile; fileRef = 5B736B2E19F1BAE900DDDFCD /* LKPrecision.h */; };
		5B538E0319F82C70005E7773 /* LKSubvector.h in Headers */ = {isa = PBXBuildFile; fileRef = 5B538E0219F82C70005E7773 /* LKSubvector.h */; };
		5B538E1519F8323A005E7773 /* LKDataVector.h in Headers */ = {isa = PBXBuildFile; fileRef = 5B538E0D19F8323A005E7773 /* LKDataVector.h */; };
		5B538E1619F8323A005E7773 /* LKDataVector.m in Sources */ = {isa = PBXBuildFile; fileRef = 5B538E0E19F8323A005E7773 /* LKDataVector.m */; };
		5B538E1719F8323A005E7773 /* LKOperation.m in Sources */ = {isa = PBXBuildFile; fileRef = 5B538E0F19F8323A005E7773 /* LKOperation.m */; };
		5B538E1819F8323A005E7773 /* LKPrivate.h in Headers */ = {isa = PBXBuildFile; fileRef = 5B538E1019F8323A005E7773 /* LKPrivate.h */; };
		5B538E1919F8323A005E7773 /* LKSubvector.m in Sources */ = {isa = PBXBuildFile; fileRef = 5B538E1119F8323A005E7773 /* LKSubvector.m */; };
		5B538E1A19F8323A005E7773 /* LKTypes.m in Sources */ = {isa = PBXBuildFile; fileRef = 5B538E1219F8323A005E7773 /* LKTypes.m */; };
		5B538E1C19F8323A005E7773 /* LKVector.m in Sources */ = {isa = PBXBuildFile; fileRef = 5B538E1419F8323A005E7773 /* LKVector.m */; };
		5B538E1F19F8330D005E7773 /* LKFormat.h in Headers */ = {isa = PBXBuildFile; fileRef = 5B538E1D19F8330D005E7773 /* LKFormat.h */; };
		5B538E2219F83323005E7773 /* LKFormat.m in Sources */ = {isa = PBXBuildFile; fileRef = 5B538E2119F83323005E7773 /* LKFormat.m */; };
		5B538E2519F835C5005E7773 /* NSNumber.h in Headers */ = {isa = PBXBuildFile; fileRef = 5B538E2319F835C5005E7773 /* NSNumber.h */; };
		5B538E2819F835E4005E7773 /* NSNumber.m in Sources */ = {isa = PBXBuildFile; fileRef = 5B538E2719F835E4005E7773 /* NSNumber.m */; };
		5B56DCFA1A12045F00CE935E /* LKVector+Averages.h in Headers */ = {isa = PBXBuildFile; fileRef = 5B56DCF81A12045F00CE935E /* LKVector+Averages.h */; };
		5B56DCFB1A12045F00CE935E /* LKVector+Averages.m in Sources */ = {isa = PBXBuildFile; fileRef = 5B56DCF91A12045F00CE935E /* LKVector+Averages.m */; };
		5B56DCFE1A1206A800CE935E /* LKVector+Summing.h in Headers */ = {isa = PBXBuildFile; fileRef = 5B56DCFC1A1206A800CE935E /* LKVector+Summing.h */; };
		5B56DCFF1A1206A800CE935E /* LKVector+Summing.m in Sources */ = {isa = PBXBuildFile; fileRef = 5B56DCFD1A1206A800CE935E /* LKVector+Summing.m */; };
		5B61080C19EE5E2A0071B547 /* LinearKit.h in Headers */ = {isa = PBXBuildFile; fileRef = 5B61080819EE5E2A0071B547 /* LinearKit.h */; };
		5B736B2D19F1A82100DDDFCD /* TestLKVector+Equality.m in Sources */ = {isa = PBXBuildFile; fileRef = 5B736B2C19F1A82100DDDFCD /* TestLKVector+Equality.m */; };
		5B86E13619F0342F00523073 /* libLinearKit.a in Frameworks */ = {isa = PBXBuildFile; fileRef = 5B6107F019EE5E050071B547 /* libLinearKit.a */; };
		5B86E14419F0660500523073 /* TestLKVector+Creating.m in Sources */ = {isa = PBXBuildFile; fileRef = 5B86E14319F0660500523073 /* TestLKVector+Creating.m */; };
		5BB94F8419F9974600BAAB77 /* LKVector+Generating.h in Headers */ = {isa = PBXBuildFile; fileRef = 5BB94F8219F9974600BAAB77 /* LKVector+Generating.h */; };
		5BB94F8519F9974600BAAB77 /* LKVector+Generating.m in Sources */ = {isa = PBXBuildFile; fileRef = 5BB94F8319F9974600BAAB77 /* LKVector+Generating.m */; };
		5BB94F8C19F99F4700BAAB77 /* LKVector+Limits.h in Headers */ = {isa = PBXBuildFile; fileRef = 5BB94F8A19F99F4700BAAB77 /* LKVector+Limits.h */; };
		5BB94F8D19F99F4700BAAB77 /* LKVector+Limits.m in Sources */ = {isa = PBXBuildFile; fileRef = 5BB94F8B19F99F4700BAAB77 /* LKVector+Limits.m */; };
		5BDF4F531A14B55600E04262 /* LKVector+Arithmetics.h in Headers */ = {isa = PBXBuildFile; fileRef = 5BDF4F511A14B55600E04262 /* LKVector+Arithmetics.h */; };
		5BDF4F541A14B55600E04262 /* LKVector+Arithmetics.m in Sources */ = {isa = PBXBuildFile; fileRef = 5BDF4F521A14B55600E04262 /* LKVector+Arithmetics.m */; };
		5BFDB4F419EE604C0030DC6F /* LKVector.h in Headers */ = {isa = PBXBuildFile; fileRef = 5BFDB4F219EE604C0030DC6F /* LKVector.h */; };
		5BFDB4F819EE60860030DC6F /* LKTypes.h in Headers */ = {isa = PBXBuildFile; fileRef = 5BFDB4F619EE60860030DC6F /* LKTypes.h */; };
/* End PBXBuildFile section */

/* Begin PBXContainerItemProxy section */
		5B86E13419F0342B00523073 /* PBXContainerItemProxy */ = {
			isa = PBXContainerItemProxy;
			containerPortal = 5B6107E819EE5E050071B547 /* Project object */;
			proxyType = 1;
			remoteGlobalIDString = 5B6107EF19EE5E050071B547;
			remoteInfo = VectorKit;
		};
/* End PBXContainerItemProxy section */

/* Begin PBXFileReference section */
		5B0BD18419FE40EC0049B3B7 /* LKVector+Miscellaneous.h */ = {isa = PBXFileReference; fileEncoding = 4; lastKnownFileType = sourcecode.c.h; path = "LKVector+Miscellaneous.h"; sourceTree = "<group>"; };
		5B0BD18519FE40EC0049B3B7 /* LKVector+Miscellaneous.m */ = {isa = PBXFileReference; fileEncoding = 4; lastKnownFileType = sourcecode.c.objc; path = "LKVector+Miscellaneous.m"; sourceTree = "<group>"; };
		5B2D4A8919F797A700D15E17 /* TestLKVector+Accessing.m */ = {isa = PBXFileReference; fileEncoding = 4; lastKnownFileType = sourcecode.c.objc; path = "TestLKVector+Accessing.m"; sourceTree = "<group>"; };
		5B2D4A8B19F79C2300D15E17 /* TestLKVector+Subvector.m */ = {isa = PBXFileReference; fileEncoding = 4; lastKnownFileType = sourcecode.c.objc; path = "TestLKVector+Subvector.m"; sourceTree = "<group>"; };
		5B538DFF19F82C08005E7773 /* LKOperation.h */ = {isa = PBXFileReference; lastKnownFileType = sourcecode.c.h; path = LKOperation.h; sourceTree = "<group>"; };
		5B538E0219F82C70005E7773 /* LKSubvector.h */ = {isa = PBXFileReference; fileEncoding = 4; lastKnownFileType = sourcecode.c.h; path = LKSubvector.h; sourceTree = "<group>"; };
		5B538E0D19F8323A005E7773 /* LKDataVector.h */ = {isa = PBXFileReference; fileEncoding = 4; lastKnownFileType = sourcecode.c.h; path = LKDataVector.h; sourceTree = "<group>"; };
		5B538E0E19F8323A005E7773 /* LKDataVector.m */ = {isa = PBXFileReference; fileEncoding = 4; lastKnownFileType = sourcecode.c.objc; path = LKDataVector.m; sourceTree = "<group>"; };
		5B538E0F19F8323A005E7773 /* LKOperation.m */ = {isa = PBXFileReference; fileEncoding = 4; lastKnownFileType = sourcecode.c.objc; path = LKOperation.m; sourceTree = "<group>"; };
		5B538E1019F8323A005E7773 /* LKPrivate.h */ = {isa = PBXFileReference; fileEncoding = 4; lastKnownFileType = sourcecode.c.h; path = LKPrivate.h; sourceTree = "<group>"; };
		5B538E1119F8323A005E7773 /* LKSubvector.m */ = {isa = PBXFileReference; fileEncoding = 4; lastKnownFileType = sourcecode.c.objc; path = LKSubvector.m; sourceTree = "<group>"; };
		5B538E1219F8323A005E7773 /* LKTypes.m */ = {isa = PBXFileReference; fileEncoding = 4; lastKnownFileType = sourcecode.c.objc; path = LKTypes.m; sourceTree = "<group>"; };
		5B538E1419F8323A005E7773 /* LKVector.m */ = {isa = PBXFileReference; fileEncoding = 4; lastKnownFileType = sourcecode.c.objc; path = LKVector.m; sourceTree = "<group>"; };
		5B538E1D19F8330D005E7773 /* LKFormat.h */ = {isa = PBXFileReference; fileEncoding = 4; lastKnownFileType = sourcecode.c.h; path = LKFormat.h; sourceTree = "<group>"; };
		5B538E2119F83323005E7773 /* LKFormat.m */ = {isa = PBXFileReference; fileEncoding = 4; lastKnownFileType = sourcecode.c.objc; path = LKFormat.m; sourceTree = "<group>"; };
		5B538E2319F835C5005E7773 /* NSNumber.h */ = {isa = PBXFileReference; fileEncoding = 4; lastKnownFileType = sourcecode.c.h; path = NSNumber.h; sourceTree = "<group>"; };
		5B538E2719F835E4005E7773 /* NSNumber.m */ = {isa = PBXFileReference; fileEncoding = 4; lastKnownFileType = sourcecode.c.objc; path = NSNumber.m; sourceTree = "<group>"; };
		5B56DCF81A12045F00CE935E /* LKVector+Averages.h */ = {isa = PBXFileReference; fileEncoding = 4; lastKnownFileType = sourcecode.c.h; path = "LKVector+Averages.h"; sourceTree = "<group>"; };
		5B56DCF91A12045F00CE935E /* LKVector+Averages.m */ = {isa = PBXFileReference; fileEncoding = 4; lastKnownFileType = sourcecode.c.objc; path = "LKVector+Averages.m"; sourceTree = "<group>"; };
		5B56DCFC1A1206A800CE935E /* LKVector+Summing.h */ = {isa = PBXFileReference; fileEncoding = 4; lastKnownFileType = sourcecode.c.h; path = "LKVector+Summing.h"; sourceTree = "<group>"; };
		5B56DCFD1A1206A800CE935E /* LKVector+Summing.m */ = {isa = PBXFileReference; fileEncoding = 4; lastKnownFileType = sourcecode.c.objc; path = "LKVector+Summing.m"; sourceTree = "<group>"; };
		5B6107F019EE5E050071B547 /* libLinearKit.a */ = {isa = PBXFileReference; explicitFileType = archive.ar; includeInIndex = 0; path = libLinearKit.a; sourceTree = BUILT_PRODUCTS_DIR; };
		5B61080819EE5E2A0071B547 /* LinearKit.h */ = {isa = PBXFileReference; fileEncoding = 4; lastKnownFileType = sourcecode.c.h; path = LinearKit.h; sourceTree = "<group>"; };
		5B736B2C19F1A82100DDDFCD /* TestLKVector+Equality.m */ = {isa = PBXFileReference; fileEncoding = 4; lastKnownFileType = sourcecode.c.objc; path = "TestLKVector+Equality.m"; sourceTree = "<group>"; };
		5B736B2E19F1BAE900DDDFCD /* LKPrecision.h */ = {isa = PBXFileReference; lastKnownFileType = sourcecode.c.h; path = LKPrecision.h; sourceTree = "<group>"; };
		5B86E14319F0660500523073 /* TestLKVector+Creating.m */ = {isa = PBXFileReference; fileEncoding = 4; lastKnownFileType = sourcecode.c.objc; path = "TestLKVector+Creating.m"; sourceTree = "<group>"; };
		5BB94F8219F9974600BAAB77 /* LKVector+Generating.h */ = {isa = PBXFileReference; fileEncoding = 4; lastKnownFileType = sourcecode.c.h; path = "LKVector+Generating.h"; sourceTree = "<group>"; };
		5BB94F8319F9974600BAAB77 /* LKVector+Generating.m */ = {isa = PBXFileReference; fileEncoding = 4; lastKnownFileType = sourcecode.c.objc; path = "LKVector+Generating.m"; sourceTree = "<group>"; };
		5BB94F8A19F99F4700BAAB77 /* LKVector+Limits.h */ = {isa = PBXFileReference; fileEncoding = 4; lastKnownFileType = sourcecode.c.h; path = "LKVector+Limits.h"; sourceTree = "<group>"; };
		5BB94F8B19F99F4700BAAB77 /* LKVector+Limits.m */ = {isa = PBXFileReference; fileEncoding = 4; lastKnownFileType = sourcecode.c.objc; path = "LKVector+Limits.m"; sourceTree = "<group>"; };
		5BDF4F511A14B55600E04262 /* LKVector+Arithmetics.h */ = {isa = PBXFileReference; fileEncoding = 4; lastKnownFileType = sourcecode.c.h; path = "LKVector+Arithmetics.h"; sourceTree = "<group>"; };
		5BDF4F521A14B55600E04262 /* LKVector+Arithmetics.m */ = {isa = PBXFileReference; fileEncoding = 4; lastKnownFileType = sourcecode.c.objc; path = "LKVector+Arithmetics.m"; sourceTree = "<group>"; };
		5BFDB4F219EE604C0030DC6F /* LKVector.h */ = {isa = PBXFileReference; fileEncoding = 4; lastKnownFileType = sourcecode.c.h; path = LKVector.h; sourceTree = "<group>"; };
		5BFDB4F619EE60860030DC6F /* LKTypes.h */ = {isa = PBXFileReference; fileEncoding = 4; lastKnownFileType = sourcecode.c.h; path = LKTypes.h; sourceTree = "<group>"; };
		5BFDB52919EE62D90030DC6F /* Tests.xctest */ = {isa = PBXFileReference; explicitFileType = wrapper.cfbundle; includeInIndex = 0; path = Tests.xctest; sourceTree = BUILT_PRODUCTS_DIR; };
		5BFDB53219EE62F80030DC6F /* Info.plist */ = {isa = PBXFileReference; fileEncoding = 4; lastKnownFileType = text.plist.xml; path = Info.plist; sourceTree = "<group>"; };
/* End PBXFileReference section */

/* Begin PBXFrameworksBuildPhase section */
		5B6107ED19EE5E050071B547 /* Frameworks */ = {
			isa = PBXFrameworksBuildPhase;
			buildActionMask = 2147483647;
			files = (
			);
			runOnlyForDeploymentPostprocessing = 0;
		};
		5BFDB52619EE62D90030DC6F /* Frameworks */ = {
			isa = PBXFrameworksBuildPhase;
			buildActionMask = 2147483647;
			files = (
				5B86E13619F0342F00523073 /* libLinearKit.a in Frameworks */,
			);
			runOnlyForDeploymentPostprocessing = 0;
		};
/* End PBXFrameworksBuildPhase section */

/* Begin PBXGroup section */
		5B538E0C19F8323A005E7773 /* Private */ = {
			isa = PBXGroup;
			children = (
				5B538E1019F8323A005E7773 /* LKPrivate.h */,
				5B538E1219F8323A005E7773 /* LKTypes.m */,
				5B538E2719F835E4005E7773 /* NSNumber.m */,
				5B538E1419F8323A005E7773 /* LKVector.m */,
				5B538E0D19F8323A005E7773 /* LKDataVector.h */,
				5B538E0E19F8323A005E7773 /* LKDataVector.m */,
				5B538E2119F83323005E7773 /* LKFormat.m */,
				5B538E1119F8323A005E7773 /* LKSubvector.m */,
				5B538E0F19F8323A005E7773 /* LKOperation.m */,
			);
			path = Private;
			sourceTree = "<group>";
		};
		5B6107E719EE5E050071B547 = {
			isa = PBXGroup;
			children = (
				5B61080719EE5E2A0071B547 /* Sources */,
				5BFDB52A19EE62D90030DC6F /* Tests */,
				5B6107F119EE5E050071B547 /* Products */,
			);
			sourceTree = "<group>";
		};
		5B6107F119EE5E050071B547 /* Products */ = {
			isa = PBXGroup;
			children = (
				5B6107F019EE5E050071B547 /* libLinearKit.a */,
				5BFDB52919EE62D90030DC6F /* Tests.xctest */,
			);
			name = Products;
			sourceTree = "<group>";
		};
		5B61080719EE5E2A0071B547 /* Sources */ = {
			isa = PBXGroup;
			children = (
				5B61080819EE5E2A0071B547 /* LinearKit.h */,
				5B736B2E19F1BAE900DDDFCD /* LKPrecision.h */,
				5BFDB4F619EE60860030DC6F /* LKTypes.h */,
				5B538E2319F835C5005E7773 /* NSNumber.h */,
				5BFDB4F219EE604C0030DC6F /* LKVector.h */,
				5B538E1D19F8330D005E7773 /* LKFormat.h */,
				5B538E0219F82C70005E7773 /* LKSubvector.h */,
				5B538DFF19F82C08005E7773 /* LKOperation.h */,
				5BB94F7D19F9927700BAAB77 /* Operations */,
				5B538E0C19F8323A005E7773 /* Private */,
			);
			path = Sources;
			sourceTree = "<group>";
		};
		5BB94F7D19F9927700BAAB77 /* Operations */ = {
			isa = PBXGroup;
			children = (
				5BB94F8219F9974600BAAB77 /* LKVector+Generating.h */,
				5BB94F8319F9974600BAAB77 /* LKVector+Generating.m */,
				5BB94F8A19F99F4700BAAB77 /* LKVector+Limits.h */,
				5BB94F8B19F99F4700BAAB77 /* LKVector+Limits.m */,
				5B56DCF81A12045F00CE935E /* LKVector+Averages.h */,
				5B56DCF91A12045F00CE935E /* LKVector+Averages.m */,
				5B56DCFC1A1206A800CE935E /* LKVector+Summing.h */,
				5B56DCFD1A1206A800CE935E /* LKVector+Summing.m */,
				5BDF4F511A14B55600E04262 /* LKVector+Arithmetics.h */,
				5BDF4F521A14B55600E04262 /* LKVector+Arithmetics.m */,
				5B0BD18419FE40EC0049B3B7 /* LKVector+Miscellaneous.h */,
				5B0BD18519FE40EC0049B3B7 /* LKVector+Miscellaneous.m */,
			);
			path = Operations;
			sourceTree = "<group>";
		};
		5BFDB52A19EE62D90030DC6F /* Tests */ = {
			isa = PBXGroup;
			children = (
				5BFDB53219EE62F80030DC6F /* Info.plist */,
				5B86E14319F0660500523073 /* TestLKVector+Creating.m */,
				5B736B2C19F1A82100DDDFCD /* TestLKVector+Equality.m */,
				5B2D4A8919F797A700D15E17 /* TestLKVector+Accessing.m */,
				5B2D4A8B19F79C2300D15E17 /* TestLKVector+Subvector.m */,
			);
			path = Tests;
			sourceTree = "<group>";
		};
/* End PBXGroup section */

/* Begin PBXHeadersBuildPhase section */
		5B6107EE19EE5E050071B547 /* Headers */ = {
			isa = PBXHeadersBuildPhase;
			buildActionMask = 2147483647;
			files = (
				5B538E2519F835C5005E7773 /* NSNumber.h in Headers */,
				5B538E0319F82C70005E7773 /* LKSubvector.h in Headers */,
				5B538E1F19F8330D005E7773 /* LKFormat.h in Headers */,
				5B0BD18619FE40EC0049B3B7 /* LKVector+Miscellaneous.h in Headers */,
				5B538E1519F8323A005E7773 /* LKDataVector.h in Headers */,
				5B538E0119F82C4D005E7773 /* LKPrecision.h in Headers */,
				5B56DCFE1A1206A800CE935E /* LKVector+Summing.h in Headers */,
				5B538E0019F82C0D005E7773 /* LKOperation.h in Headers */,
				5BFDB4F819EE60860030DC6F /* LKTypes.h in Headers */,
				5BB94F8C19F99F4700BAAB77 /* LKVector+Limits.h in Headers */,
				5B538E1819F8323A005E7773 /* LKPrivate.h in Headers */,
				5B56DCFA1A12045F00CE935E /* LKVector+Averages.h in Headers */,
				5BB94F8419F9974600BAAB77 /* LKVector+Generating.h in Headers */,
				5BFDB4F419EE604C0030DC6F /* LKVector.h in Headers */,
				5BDF4F531A14B55600E04262 /* LKVector+Arithmetics.h in Headers */,
				5B61080C19EE5E2A0071B547 /* LinearKit.h in Headers */,
			);
			runOnlyForDeploymentPostprocessing = 0;
		};
/* End PBXHeadersBuildPhase section */

/* Begin PBXNativeTarget section */
		5B6107EF19EE5E050071B547 /* LinearKit */ = {
			isa = PBXNativeTarget;
			buildConfigurationList = 5B61080119EE5E050071B547 /* Build configuration list for PBXNativeTarget "LinearKit" */;
			buildPhases = (
				5B6107EC19EE5E050071B547 /* Sources */,
				5B6107ED19EE5E050071B547 /* Frameworks */,
				5B6107EE19EE5E050071B547 /* Headers */,
			);
			buildRules = (
			);
			dependencies = (
			);
			name = LinearKit;
			productName = VectorKit;
			productReference = 5B6107F019EE5E050071B547 /* libLinearKit.a */;
			productType = "com.apple.product-type.library.static";
		};
		5BFDB52819EE62D90030DC6F /* Tests */ = {
			isa = PBXNativeTarget;
			buildConfigurationList = 5BFDB52F19EE62D90030DC6F /* Build configuration list for PBXNativeTarget "Tests" */;
			buildPhases = (
				5BFDB52519EE62D90030DC6F /* Sources */,
				5BFDB52619EE62D90030DC6F /* Frameworks */,
				5BFDB52719EE62D90030DC6F /* Resources */,
			);
			buildRules = (
			);
			dependencies = (
				5B86E13519F0342B00523073 /* PBXTargetDependency */,
			);
			name = Tests;
			productName = Tests;
			productReference = 5BFDB52919EE62D90030DC6F /* Tests.xctest */;
			productType = "com.apple.product-type.bundle.unit-test";
		};
/* End PBXNativeTarget section */

/* Begin PBXProject section */
		5B6107E819EE5E050071B547 /* Project object */ = {
			isa = PBXProject;
			attributes = {
				LastUpgradeCheck = 0610;
				ORGANIZATIONNAME = Triceratops;
				TargetAttributes = {
					5B6107EF19EE5E050071B547 = {
						CreatedOnToolsVersion = 6.0.1;
					};
					5BFDB52819EE62D90030DC6F = {
						CreatedOnToolsVersion = 6.0.1;
					};
				};
			};
			buildConfigurationList = 5B6107EB19EE5E050071B547 /* Build configuration list for PBXProject "LinearKit" */;
			compatibilityVersion = "Xcode 3.2";
			developmentRegion = English;
			hasScannedForEncodings = 0;
			knownRegions = (
				en,
			);
			mainGroup = 5B6107E719EE5E050071B547;
			productRefGroup = 5B6107F119EE5E050071B547 /* Products */;
			projectDirPath = "";
			projectRoot = "";
			targets = (
				5B6107EF19EE5E050071B547 /* LinearKit */,
				5BFDB52819EE62D90030DC6F /* Tests */,
			);
		};
/* End PBXProject section */

/* Begin PBXResourcesBuildPhase section */
		5BFDB52719EE62D90030DC6F /* Resources */ = {
			isa = PBXResourcesBuildPhase;
			buildActionMask = 2147483647;
			files = (
			);
			runOnlyForDeploymentPostprocessing = 0;
		};
/* End PBXResourcesBuildPhase section */

/* Begin PBXSourcesBuildPhase section */
		5B6107EC19EE5E050071B547 /* Sources */ = {
			isa = PBXSourcesBuildPhase;
			buildActionMask = 2147483647;
			files = (
				5B56DCFF1A1206A800CE935E /* LKVector+Summing.m in Sources */,
				5B538E1719F8323A005E7773 /* LKOperation.m in Sources */,
				5BB94F8D19F99F4700BAAB77 /* LKVector+Limits.m in Sources */,
				5B538E1619F8323A005E7773 /* LKDataVector.m in Sources */,
				5B538E1C19F8323A005E7773 /* LKVector.m in Sources */,
				5B0BD18719FE40EC0049B3B7 /* LKVector+Miscellaneous.m in Sources */,
				5B538E2219F83323005E7773 /* LKFormat.m in Sources */,
				5B538E1A19F8323A005E7773 /* LKTypes.m in Sources */,
				5B538E1919F8323A005E7773 /* LKSubvector.m in Sources */,
				5BB94F8519F9974600BAAB77 /* LKVector+Generating.m in Sources */,
				5B56DCFB1A12045F00CE935E /* LKVector+Averages.m in Sources */,
				5B538E2819F835E4005E7773 /* NSNumber.m in Sources */,
				5BDF4F541A14B55600E04262 /* LKVector+Arithmetics.m in Sources */,
			);
			runOnlyForDeploymentPostprocessing = 0;
		};
		5BFDB52519EE62D90030DC6F /* Sources */ = {
			isa = PBXSourcesBuildPhase;
			buildActionMask = 2147483647;
			files = (
				5B86E14419F0660500523073 /* TestLKVector+Creating.m in Sources */,
				5B2D4A8C19F79C2300D15E17 /* TestLKVector+Subvector.m in Sources */,
				5B736B2D19F1A82100DDDFCD /* TestLKVector+Equality.m in Sources */,
				5B2D4A8A19F797A700D15E17 /* TestLKVector+Accessing.m in Sources */,
			);
			runOnlyForDeploymentPostprocessing = 0;
		};
/* End PBXSourcesBuildPhase section */

/* Begin PBXTargetDependency section */
		5B86E13519F0342B00523073 /* PBXTargetDependency */ = {
			isa = PBXTargetDependency;
			target = 5B6107EF19EE5E050071B547 /* LinearKit */;
			targetProxy = 5B86E13419F0342B00523073 /* PBXContainerItemProxy */;
		};
/* End PBXTargetDependency section */

/* Begin XCBuildConfiguration section */
		5B6107FF19EE5E050071B547 /* Debug */ = {
			isa = XCBuildConfiguration;
			buildSettings = {
				ALWAYS_SEARCH_USER_PATHS = NO;
				CLANG_ANALYZER_SECURITY_FLOATLOOPCOUNTER = YES;
				CLANG_ANALYZER_SECURITY_INSECUREAPI_RAND = YES;
				CLANG_ANALYZER_SECURITY_INSECUREAPI_STRCPY = YES;
				CLANG_CXX_LANGUAGE_STANDARD = "gnu++0x";
				CLANG_CXX_LIBRARY = "libc++";
				CLANG_ENABLE_MODULES = YES;
				CLANG_ENABLE_OBJC_ARC = YES;
				CLANG_WARN_ASSIGN_ENUM = YES;
				CLANG_WARN_BOOL_CONVERSION = YES;
				CLANG_WARN_DIRECT_OBJC_ISA_USAGE = YES_ERROR;
				CLANG_WARN_EMPTY_BODY = YES;
				CLANG_WARN_ENUM_CONVERSION = YES;
				CLANG_WARN_IMPLICIT_SIGN_CONVERSION = YES;
				CLANG_WARN_INT_CONVERSION = YES;
				CLANG_WARN_OBJC_REPEATED_USE_OF_WEAK = YES;
				CLANG_WARN_OBJC_ROOT_CLASS = YES_ERROR;
				CLANG_WARN_UNREACHABLE_CODE = YES;
				CLANG_WARN__DUPLICATE_METHOD_MATCH = YES;
				COPY_PHASE_STRIP = NO;
				ENABLE_STRICT_OBJC_MSGSEND = YES;
				GCC_C_LANGUAGE_STANDARD = gnu99;
				GCC_DYNAMIC_NO_PIC = NO;
				GCC_OPTIMIZATION_LEVEL = 0;
				GCC_PREPROCESSOR_DEFINITIONS = (
					"DEBUG=1",
					"$(inherited)",
				);
				GCC_SYMBOLS_PRIVATE_EXTERN = NO;
				GCC_TREAT_IMPLICIT_FUNCTION_DECLARATIONS_AS_ERRORS = YES;
				GCC_TREAT_INCOMPATIBLE_POINTER_TYPE_WARNINGS_AS_ERRORS = YES;
				GCC_WARN_64_TO_32_BIT_CONVERSION = YES;
				GCC_WARN_ABOUT_MISSING_FIELD_INITIALIZERS = YES;
				GCC_WARN_ABOUT_MISSING_NEWLINE = YES;
				GCC_WARN_ABOUT_MISSING_PROTOTYPES = YES;
				GCC_WARN_ABOUT_RETURN_TYPE = YES_ERROR;
				GCC_WARN_FOUR_CHARACTER_CONSTANTS = YES;
				GCC_WARN_UNDECLARED_SELECTOR = YES;
				GCC_WARN_UNINITIALIZED_AUTOS = YES_AGGRESSIVE;
				GCC_WARN_UNKNOWN_PRAGMAS = YES;
				GCC_WARN_UNUSED_FUNCTION = YES;
				GCC_WARN_UNUSED_LABEL = YES;
				GCC_WARN_UNUSED_PARAMETER = YES;
				GCC_WARN_UNUSED_VARIABLE = YES;
				MACOSX_DEPLOYMENT_TARGET = 10.9;
				ONLY_ACTIVE_ARCH = YES;
				SDKROOT = macosx;
			};
			name = Debug;
		};
		5B61080019EE5E050071B547 /* Release */ = {
			isa = XCBuildConfiguration;
			buildSettings = {
				ALWAYS_SEARCH_USER_PATHS = NO;
				CLANG_ANALYZER_SECURITY_FLOATLOOPCOUNTER = YES;
				CLANG_ANALYZER_SECURITY_INSECUREAPI_RAND = YES;
				CLANG_ANALYZER_SECURITY_INSECUREAPI_STRCPY = YES;
				CLANG_CXX_LANGUAGE_STANDARD = "gnu++0x";
				CLANG_CXX_LIBRARY = "libc++";
				CLANG_ENABLE_MODULES = YES;
				CLANG_ENABLE_OBJC_ARC = YES;
				CLANG_WARN_ASSIGN_ENUM = YES;
				CLANG_WARN_BOOL_CONVERSION = YES;
				CLANG_WARN_DIRECT_OBJC_ISA_USAGE = YES_ERROR;
				CLANG_WARN_EMPTY_BODY = YES;
				CLANG_WARN_ENUM_CONVERSION = YES;
				CLANG_WARN_IMPLICIT_SIGN_CONVERSION = YES;
				CLANG_WARN_INT_CONVERSION = YES;
				CLANG_WARN_OBJC_REPEATED_USE_OF_WEAK = YES;
				CLANG_WARN_OBJC_ROOT_CLASS = YES_ERROR;
				CLANG_WARN_UNREACHABLE_CODE = YES;
				CLANG_WARN__DUPLICATE_METHOD_MATCH = YES;
				COPY_PHASE_STRIP = YES;
				DEBUG_INFORMATION_FORMAT = "dwarf-with-dsym";
				ENABLE_NS_ASSERTIONS = NO;
				ENABLE_STRICT_OBJC_MSGSEND = YES;
				GCC_C_LANGUAGE_STANDARD = gnu99;
				GCC_TREAT_IMPLICIT_FUNCTION_DECLARATIONS_AS_ERRORS = YES;
				GCC_TREAT_INCOMPATIBLE_POINTER_TYPE_WARNINGS_AS_ERRORS = YES;
				GCC_WARN_64_TO_32_BIT_CONVERSION = YES;
				GCC_WARN_ABOUT_MISSING_FIELD_INITIALIZERS = YES;
				GCC_WARN_ABOUT_MISSING_NEWLINE = YES;
				GCC_WARN_ABOUT_MISSING_PROTOTYPES = YES;
				GCC_WARN_ABOUT_RETURN_TYPE = YES_ERROR;
				GCC_WARN_FOUR_CHARACTER_CONSTANTS = YES;
				GCC_WARN_UNDECLARED_SELECTOR = YES;
				GCC_WARN_UNINITIALIZED_AUTOS = YES_AGGRESSIVE;
				GCC_WARN_UNKNOWN_PRAGMAS = YES;
				GCC_WARN_UNUSED_FUNCTION = YES;
				GCC_WARN_UNUSED_LABEL = YES;
				GCC_WARN_UNUSED_PARAMETER = YES;
				GCC_WARN_UNUSED_VARIABLE = YES;
				MACOSX_DEPLOYMENT_TARGET = 10.9;
				SDKROOT = macosx;
			};
			name = Release;
		};
		5B61080219EE5E050071B547 /* Debug */ = {
			isa = XCBuildConfiguration;
			buildSettings = {
				CLANG_STATIC_ANALYZER_MODE = deep;
				COMBINE_HIDPI_IMAGES = YES;
				EXECUTABLE_PREFIX = lib;
				PRODUCT_NAME = LinearKit;
				RUN_CLANG_STATIC_ANALYZER = YES;
			};
			name = Debug;
		};
		5B61080319EE5E050071B547 /* Release */ = {
			isa = XCBuildConfiguration;
			buildSettings = {
				CLANG_STATIC_ANALYZER_MODE = deep;
				COMBINE_HIDPI_IMAGES = YES;
				EXECUTABLE_PREFIX = lib;
				PRODUCT_NAME = LinearKit;
				RUN_CLANG_STATIC_ANALYZER = YES;
			};
			name = Release;
		};
		5BFDB53019EE62D90030DC6F /* Debug */ = {
			isa = XCBuildConfiguration;
			buildSettings = {
				COMBINE_HIDPI_IMAGES = YES;
				FRAMEWORK_SEARCH_PATHS = (
					"$(DEVELOPER_FRAMEWORKS_DIR)",
					"$(inherited)",
				);
				GCC_PREPROCESSOR_DEFINITIONS = (
					"DEBUG=1",
					"$(inherited)",
				);
				INFOPLIST_FILE = Tests/Info.plist;
				LD_RUNPATH_SEARCH_PATHS = "$(inherited) @executable_path/../Frameworks @loader_path/../Frameworks";
				OTHER_LDFLAGS = "-ObjC";
				PRODUCT_NAME = "$(TARGET_NAME)";
			};
			name = Debug;
		};
		5BFDB53119EE62D90030DC6F /* Release */ = {
			isa = XCBuildConfiguration;
			buildSettings = {
				COMBINE_HIDPI_IMAGES = YES;
				FRAMEWORK_SEARCH_PATHS = (
					"$(DEVELOPER_FRAMEWORKS_DIR)",
					"$(inherited)",
				);
				INFOPLIST_FILE = Tests/Info.plist;
				LD_RUNPATH_SEARCH_PATHS = "$(inherited) @executable_path/../Frameworks @loader_path/../Frameworks";
				OTHER_LDFLAGS = "-ObjC";
				PRODUCT_NAME = "$(TARGET_NAME)";
			};
			name = Release;
		};
/* End XCBuildConfiguration section */

/* Begin XCConfigurationList section */
		5B6107EB19EE5E050071B547 /* Build configuration list for PBXProject "LinearKit" */ = {
			isa = XCConfigurationList;
			buildConfigurations = (
				5B6107FF19EE5E050071B547 /* Debug */,
				5B61080019EE5E050071B547 /* Release */,
			);
			defaultConfigurationIsVisible = 0;
			defaultConfigurationName = Release;
		};
		5B61080119EE5E050071B547 /* Build configuration list for PBXNativeTarget "LinearKit" */ = {
			isa = XCConfigurationList;
			buildConfigurations = (
				5B61080219EE5E050071B547 /* Debug */,
				5B61080319EE5E050071B547 /* Release */,
			);
			defaultConfigurationIsVisible = 0;
			defaultConfigurationName = Release;
		};
		5BFDB52F19EE62D90030DC6F /* Build configuration list for PBXNativeTarget "Tests" */ = {
			isa = XCConfigurationList;
			buildConfigurations = (
				5BFDB53019EE62D90030DC6F /* Debug */,
				5BFDB53119EE62D90030DC6F /* Release */,
			);
			defaultConfigurationIsVisible = 0;
			defaultConfigurationName = Release;
		};
/* End XCConfigurationList section */
	};
	rootObject = 5B6107E819EE5E050071B547 /* Project object */;
}
