// !$*UTF8*$!
{
	archiveVersion = 1;
	classes = {
	};
	objectVersion = 46;
	objects = {

/* Begin PBXBuildFile section */
		5B2D4A8A19F797A700D15E17 /* TestLKVector+Accessing.m in Sources */ = {isa = PBXBuildFile; fileRef = 5B2D4A8919F797A700D15E17 /* TestLKVector+Accessing.m */; };
		5B2D4A8C19F79C2300D15E17 /* TestLKVector+Subvector.m in Sources */ = {isa = PBXBuildFile; fileRef = 5B2D4A8B19F79C2300D15E17 /* TestLKVector+Subvector.m */; };
		5B3379B719F2F21900CBE28C /* LKVector+Description.m in Sources */ = {isa = PBXBuildFile; fileRef = 5B3379B519F2F21900CBE28C /* LKVector+Description.m */; };
		5B61080C19EE5E2A0071B547 /* LinearKit.h in Headers */ = {isa = PBXBuildFile; fileRef = 5B61080819EE5E2A0071B547 /* LinearKit.h */; };
		5B736B2B19F1988300DDDFCD /* LKVector+Accessing.m in Sources */ = {isa = PBXBuildFile; fileRef = 5B736B2919F1988300DDDFCD /* LKVector+Accessing.m */; };
		5B736B2D19F1A82100DDDFCD /* TestLKVector+Equality.m in Sources */ = {isa = PBXBuildFile; fileRef = 5B736B2C19F1A82100DDDFCD /* TestLKVector+Equality.m */; };
		5B7371D119F2F7FB00CFBC60 /* LKSubvector.m in Sources */ = {isa = PBXBuildFile; fileRef = 5B7371CF19F2F7FB00CFBC60 /* LKSubvector.m */; };
		5B7371D519F30FE600CFBC60 /* LKVector+Subvector.m in Sources */ = {isa = PBXBuildFile; fileRef = 5B7371D319F30FE600CFBC60 /* LKVector+Subvector.m */; };
		5B86E13619F0342F00523073 /* libLinearKit.a in Frameworks */ = {isa = PBXBuildFile; fileRef = 5B6107F019EE5E050071B547 /* libLinearKit.a */; };
		5B86E13A19F05E5000523073 /* LKVector+Filling.m in Sources */ = {isa = PBXBuildFile; fileRef = 5B86E13819F05E5000523073 /* LKVector+Filling.m */; };
		5B86E13E19F05F8F00523073 /* LKVector+Creating.m in Sources */ = {isa = PBXBuildFile; fileRef = 5B86E13C19F05F8F00523073 /* LKVector+Creating.m */; };
		5B86E14219F063C300523073 /* LKVector+Equality.m in Sources */ = {isa = PBXBuildFile; fileRef = 5B86E14019F063C300523073 /* LKVector+Equality.m */; };
		5B86E14419F0660500523073 /* TestLKVector+Creating.m in Sources */ = {isa = PBXBuildFile; fileRef = 5B86E14319F0660500523073 /* TestLKVector+Creating.m */; };
		5BFDB4F419EE604C0030DC6F /* LKVector.h in Headers */ = {isa = PBXBuildFile; fileRef = 5BFDB4F219EE604C0030DC6F /* LKVector.h */; };
		5BFDB4F519EE604C0030DC6F /* LKVector+Private.m in Sources */ = {isa = PBXBuildFile; fileRef = 5BFDB4F319EE604C0030DC6F /* LKVector+Private.m */; };
		5BFDB4F819EE60860030DC6F /* LKTypes.h in Headers */ = {isa = PBXBuildFile; fileRef = 5BFDB4F619EE60860030DC6F /* LKTypes.h */; };
		5BFDB54019EEFC0C0030DC6F /* LKSteadyVector.m in Sources */ = {isa = PBXBuildFile; fileRef = 5BFDB53E19EEFC0C0030DC6F /* LKSteadyVector.m */; };
		5BFDB54319EEFC990030DC6F /* LKVector+Private.h in Headers */ = {isa = PBXBuildFile; fileRef = 5BFDB54119EEFC990030DC6F /* LKVector+Private.h */; };
/* End PBXBuildFile section */

/* Begin PBXContainerItemProxy section */
		5B86E13419F0342B00523073 /* PBXContainerItemProxy */ = {
			isa = PBXContainerItemProxy;
			containerPortal = 5B6107E819EE5E050071B547 /* Project object */;
			proxyType = 1;
			remoteGlobalIDString = 5B6107EF19EE5E050071B547;
			remoteInfo = VectorKit;
		};
/* End PBXContainerItemProxy section */

/* Begin PBXFileReference section */
		5B2D4A8919F797A700D15E17 /* TestLKVector+Accessing.m */ = {isa = PBXFileReference; fileEncoding = 4; lastKnownFileType = sourcecode.c.objc; path = "TestLKVector+Accessing.m"; sourceTree = "<group>"; };
		5B2D4A8B19F79C2300D15E17 /* TestLKVector+Subvector.m */ = {isa = PBXFileReference; fileEncoding = 4; lastKnownFileType = sourcecode.c.objc; path = "TestLKVector+Subvector.m"; sourceTree = "<group>"; };
		5B3379B519F2F21900CBE28C /* LKVector+Description.m */ = {isa = PBXFileReference; fileEncoding = 4; lastKnownFileType = sourcecode.c.objc; path = "LKVector+Description.m"; sourceTree = "<group>"; };
		5B6107F019EE5E050071B547 /* libLinearKit.a */ = {isa = PBXFileReference; explicitFileType = archive.ar; includeInIndex = 0; path = libLinearKit.a; sourceTree = BUILT_PRODUCTS_DIR; };
		5B61080819EE5E2A0071B547 /* LinearKit.h */ = {isa = PBXFileReference; fileEncoding = 4; lastKnownFileType = sourcecode.c.h; path = LinearKit.h; sourceTree = "<group>"; };
		5B736B2919F1988300DDDFCD /* LKVector+Accessing.m */ = {isa = PBXFileReference; fileEncoding = 4; lastKnownFileType = sourcecode.c.objc; path = "LKVector+Accessing.m"; sourceTree = "<group>"; };
		5B736B2C19F1A82100DDDFCD /* TestLKVector+Equality.m */ = {isa = PBXFileReference; fileEncoding = 4; lastKnownFileType = sourcecode.c.objc; path = "TestLKVector+Equality.m"; sourceTree = "<group>"; };
		5B736B2E19F1BAE900DDDFCD /* LKPrecision.h */ = {isa = PBXFileReference; lastKnownFileType = sourcecode.c.h; path = LKPrecision.h; sourceTree = "<group>"; };
		5B7371CF19F2F7FB00CFBC60 /* LKSubvector.m */ = {isa = PBXFileReference; fileEncoding = 4; lastKnownFileType = sourcecode.c.objc; path = LKSubvector.m; sourceTree = "<group>"; };
		5B7371D319F30FE600CFBC60 /* LKVector+Subvector.m */ = {isa = PBXFileReference; fileEncoding = 4; lastKnownFileType = sourcecode.c.objc; path = "LKVector+Subvector.m"; sourceTree = "<group>"; };
		5B86E13819F05E5000523073 /* LKVector+Filling.m */ = {isa = PBXFileReference; fileEncoding = 4; lastKnownFileType = sourcecode.c.objc; path = "LKVector+Filling.m"; sourceTree = "<group>"; };
		5B86E13C19F05F8F00523073 /* LKVector+Creating.m */ = {isa = PBXFileReference; fileEncoding = 4; lastKnownFileType = sourcecode.c.objc; path = "LKVector+Creating.m"; sourceTree = "<group>"; };
		5B86E14019F063C300523073 /* LKVector+Equality.m */ = {isa = PBXFileReference; fileEncoding = 4; lastKnownFileType = sourcecode.c.objc; path = "LKVector+Equality.m"; sourceTree = "<group>"; };
		5B86E14319F0660500523073 /* TestLKVector+Creating.m */ = {isa = PBXFileReference; fileEncoding = 4; lastKnownFileType = sourcecode.c.objc; path = "TestLKVector+Creating.m"; sourceTree = "<group>"; };
		5BFDB4F219EE604C0030DC6F /* LKVector.h */ = {isa = PBXFileReference; fileEncoding = 4; lastKnownFileType = sourcecode.c.h; path = LKVector.h; sourceTree = "<group>"; };
		5BFDB4F319EE604C0030DC6F /* LKVector+Private.m */ = {isa = PBXFileReference; fileEncoding = 4; lastKnownFileType = sourcecode.c.objc; path = "LKVector+Private.m"; sourceTree = "<group>"; };
		5BFDB4F619EE60860030DC6F /* LKTypes.h */ = {isa = PBXFileReference; fileEncoding = 4; lastKnownFileType = sourcecode.c.h; path = LKTypes.h; sourceTree = "<group>"; };
		5BFDB52919EE62D90030DC6F /* Tests.xctest */ = {isa = PBXFileReference; explicitFileType = wrapper.cfbundle; includeInIndex = 0; path = Tests.xctest; sourceTree = BUILT_PRODUCTS_DIR; };
		5BFDB53219EE62F80030DC6F /* Info.plist */ = {isa = PBXFileReference; fileEncoding = 4; lastKnownFileType = text.plist.xml; path = Info.plist; sourceTree = "<group>"; };
		5BFDB53E19EEFC0C0030DC6F /* LKSteadyVector.m */ = {isa = PBXFileReference; fileEncoding = 4; lastKnownFileType = sourcecode.c.objc; path = LKSteadyVector.m; sourceTree = "<group>"; };
		5BFDB54119EEFC990030DC6F /* LKVector+Private.h */ = {isa = PBXFileReference; fileEncoding = 4; lastKnownFileType = sourcecode.c.h; path = "LKVector+Private.h"; sourceTree = "<group>"; };
/* End PBXFileReference section */

/* Begin PBXFrameworksBuildPhase section */
		5B6107ED19EE5E050071B547 /* Frameworks */ = {
			isa = PBXFrameworksBuildPhase;
			buildActionMask = 2147483647;
			files = (
			);
			runOnlyForDeploymentPostprocessing = 0;
		};
		5BFDB52619EE62D90030DC6F /* Frameworks */ = {
			isa = PBXFrameworksBuildPhase;
			buildActionMask = 2147483647;
			files = (
				5B86E13619F0342F00523073 /* libLinearKit.a in Frameworks */,
			);
			runOnlyForDeploymentPostprocessing = 0;
		};
/* End PBXFrameworksBuildPhase section */

/* Begin PBXGroup section */
		5B6107E719EE5E050071B547 = {
			isa = PBXGroup;
			children = (
				5B61080719EE5E2A0071B547 /* Sources */,
				5BFDB52A19EE62D90030DC6F /* Tests */,
				5B6107F119EE5E050071B547 /* Products */,
			);
			sourceTree = "<group>";
		};
		5B6107F119EE5E050071B547 /* Products */ = {
			isa = PBXGroup;
			children = (
				5B6107F019EE5E050071B547 /* libLinearKit.a */,
				5BFDB52919EE62D90030DC6F /* Tests.xctest */,
			);
			name = Products;
			sourceTree = "<group>";
		};
		5B61080719EE5E2A0071B547 /* Sources */ = {
			isa = PBXGroup;
			children = (
				5B61080819EE5E2A0071B547 /* LinearKit.h */,
				5B736B2E19F1BAE900DDDFCD /* LKPrecision.h */,
				5BFDB4F619EE60860030DC6F /* LKTypes.h */,
				5BFDB4F219EE604C0030DC6F /* LKVector.h */,
				5BFDB54119EEFC990030DC6F /* LKVector+Private.h */,
				5BFDB4F319EE604C0030DC6F /* LKVector+Private.m */,
				5B86E13C19F05F8F00523073 /* LKVector+Creating.m */,
				5B736B2919F1988300DDDFCD /* LKVector+Accessing.m */,
				5B86E14019F063C300523073 /* LKVector+Equality.m */,
				5B3379B519F2F21900CBE28C /* LKVector+Description.m */,
				5B7371D319F30FE600CFBC60 /* LKVector+Subvector.m */,
				5B86E13819F05E5000523073 /* LKVector+Filling.m */,
				5BFDB53E19EEFC0C0030DC6F /* LKSteadyVector.m */,
				5B7371CF19F2F7FB00CFBC60 /* LKSubvector.m */,
			);
			path = Sources;
			sourceTree = "<group>";
		};
		5BFDB52A19EE62D90030DC6F /* Tests */ = {
			isa = PBXGroup;
			children = (
				5BFDB53219EE62F80030DC6F /* Info.plist */,
				5B86E14319F0660500523073 /* TestLKVector+Creating.m */,
				5B736B2C19F1A82100DDDFCD /* TestLKVector+Equality.m */,
				5B2D4A8919F797A700D15E17 /* TestLKVector+Accessing.m */,
				5B2D4A8B19F79C2300D15E17 /* TestLKVector+Subvector.m */,
			);
			path = Tests;
			sourceTree = "<group>";
		};
/* End PBXGroup section */

/* Begin PBXHeadersBuildPhase section */
		5B6107EE19EE5E050071B547 /* Headers */ = {
			isa = PBXHeadersBuildPhase;
			buildActionMask = 2147483647;
			files = (
				5BFDB4F819EE60860030DC6F /* LKTypes.h in Headers */,
				5BFDB4F419EE604C0030DC6F /* LKVector.h in Headers */,
				5BFDB54319EEFC990030DC6F /* LKVector+Private.h in Headers */,
				5B61080C19EE5E2A0071B547 /* LinearKit.h in Headers */,
			);
			runOnlyForDeploymentPostprocessing = 0;
		};
/* End PBXHeadersBuildPhase section */

/* Begin PBXNativeTarget section */
		5B6107EF19EE5E050071B547 /* LinearKit */ = {
			isa = PBXNativeTarget;
			buildConfigurationList = 5B61080119EE5E050071B547 /* Build configuration list for PBXNativeTarget "LinearKit" */;
			buildPhases = (
				5B6107EC19EE5E050071B547 /* Sources */,
				5B6107ED19EE5E050071B547 /* Frameworks */,
				5B6107EE19EE5E050071B547 /* Headers */,
			);
			buildRules = (
			);
			dependencies = (
			);
			name = LinearKit;
			productName = VectorKit;
			productReference = 5B6107F019EE5E050071B547 /* libLinearKit.a */;
			productType = "com.apple.product-type.library.static";
		};
		5BFDB52819EE62D90030DC6F /* Tests */ = {
			isa = PBXNativeTarget;
			buildConfigurationList = 5BFDB52F19EE62D90030DC6F /* Build configuration list for PBXNativeTarget "Tests" */;
			buildPhases = (
				5BFDB52519EE62D90030DC6F /* Sources */,
				5BFDB52619EE62D90030DC6F /* Frameworks */,
				5BFDB52719EE62D90030DC6F /* Resources */,
			);
			buildRules = (
			);
			dependencies = (
				5B86E13519F0342B00523073 /* PBXTargetDependency */,
			);
			name = Tests;
			productName = Tests;
			productReference = 5BFDB52919EE62D90030DC6F /* Tests.xctest */;
			productType = "com.apple.product-type.bundle.unit-test";
		};
/* End PBXNativeTarget section */

/* Begin PBXProject section */
		5B6107E819EE5E050071B547 /* Project object */ = {
			isa = PBXProject;
			attributes = {
				LastUpgradeCheck = 0600;
				ORGANIZATIONNAME = Triceratops;
				TargetAttributes = {
					5B6107EF19EE5E050071B547 = {
						CreatedOnToolsVersion = 6.0.1;
					};
					5BFDB52819EE62D90030DC6F = {
						CreatedOnToolsVersion = 6.0.1;
					};
				};
			};
			buildConfigurationList = 5B6107EB19EE5E050071B547 /* Build configuration list for PBXProject "LinearKit" */;
			compatibilityVersion = "Xcode 3.2";
			developmentRegion = English;
			hasScannedForEncodings = 0;
			knownRegions = (
				en,
			);
			mainGroup = 5B6107E719EE5E050071B547;
			productRefGroup = 5B6107F119EE5E050071B547 /* Products */;
			projectDirPath = "";
			projectRoot = "";
			targets = (
				5B6107EF19EE5E050071B547 /* LinearKit */,
				5BFDB52819EE62D90030DC6F /* Tests */,
			);
		};
/* End PBXProject section */

/* Begin PBXResourcesBuildPhase section */
		5BFDB52719EE62D90030DC6F /* Resources */ = {
			isa = PBXResourcesBuildPhase;
			buildActionMask = 2147483647;
			files = (
			);
			runOnlyForDeploymentPostprocessing = 0;
		};
/* End PBXResourcesBuildPhase section */

/* Begin PBXSourcesBuildPhase section */
		5B6107EC19EE5E050071B547 /* Sources */ = {
			isa = PBXSourcesBuildPhase;
			buildActionMask = 2147483647;
			files = (
				5B736B2B19F1988300DDDFCD /* LKVector+Accessing.m in Sources */,
				5B86E13A19F05E5000523073 /* LKVector+Filling.m in Sources */,
				5BFDB4F519EE604C0030DC6F /* LKVector+Private.m in Sources */,
				5B7371D519F30FE600CFBC60 /* LKVector+Subvector.m in Sources */,
				5B86E13E19F05F8F00523073 /* LKVector+Creating.m in Sources */,
				5B7371D119F2F7FB00CFBC60 /* LKSubvector.m in Sources */,
				5B86E14219F063C300523073 /* LKVector+Equality.m in Sources */,
				5BFDB54019EEFC0C0030DC6F /* LKSteadyVector.m in Sources */,
				5B3379B719F2F21900CBE28C /* LKVector+Description.m in Sources */,
			);
			runOnlyForDeploymentPostprocessing = 0;
		};
		5BFDB52519EE62D90030DC6F /* Sources */ = {
			isa = PBXSourcesBuildPhase;
			buildActionMask = 2147483647;
			files = (
				5B86E14419F0660500523073 /* TestLKVector+Creating.m in Sources */,
				5B2D4A8C19F79C2300D15E17 /* TestLKVector+Subvector.m in Sources */,
				5B736B2D19F1A82100DDDFCD /* TestLKVector+Equality.m in Sources */,
				5B2D4A8A19F797A700D15E17 /* TestLKVector+Accessing.m in Sources */,
			);
			runOnlyForDeploymentPostprocessing = 0;
		};
/* End PBXSourcesBuildPhase section */

/* Begin PBXTargetDependency section */
		5B86E13519F0342B00523073 /* PBXTargetDependency */ = {
			isa = PBXTargetDependency;
			target = 5B6107EF19EE5E050071B547 /* LinearKit */;
			targetProxy = 5B86E13419F0342B00523073 /* PBXContainerItemProxy */;
		};
/* End PBXTargetDependency section */

/* Begin XCBuildConfiguration section */
		5B6107FF19EE5E050071B547 /* Debug */ = {
			isa = XCBuildConfiguration;
			buildSettings = {
				ALWAYS_SEARCH_USER_PATHS = NO;
				CLANG_ANALYZER_SECURITY_FLOATLOOPCOUNTER = YES;
				CLANG_ANALYZER_SECURITY_INSECUREAPI_RAND = YES;
				CLANG_ANALYZER_SECURITY_INSECUREAPI_STRCPY = YES;
				CLANG_CXX_LANGUAGE_STANDARD = "gnu++0x";
				CLANG_CXX_LIBRARY = "libc++";
				CLANG_ENABLE_MODULES = YES;
				CLANG_ENABLE_OBJC_ARC = YES;
				CLANG_WARN_ASSIGN_ENUM = YES;
				CLANG_WARN_BOOL_CONVERSION = YES;
				CLANG_WARN_DIRECT_OBJC_ISA_USAGE = YES_ERROR;
				CLANG_WARN_EMPTY_BODY = YES;
				CLANG_WARN_ENUM_CONVERSION = YES;
				CLANG_WARN_IMPLICIT_SIGN_CONVERSION = YES;
				CLANG_WARN_INT_CONVERSION = YES;
				CLANG_WARN_OBJC_REPEATED_USE_OF_WEAK = YES;
				CLANG_WARN_OBJC_ROOT_CLASS = YES_ERROR;
				CLANG_WARN_UNREACHABLE_CODE = YES;
				CLANG_WARN__DUPLICATE_METHOD_MATCH = YES;
				COPY_PHASE_STRIP = NO;
				ENABLE_STRICT_OBJC_MSGSEND = YES;
				GCC_C_LANGUAGE_STANDARD = gnu99;
				GCC_DYNAMIC_NO_PIC = NO;
				GCC_OPTIMIZATION_LEVEL = 0;
				GCC_PREPROCESSOR_DEFINITIONS = (
					"DEBUG=1",
					"$(inherited)",
				);
				GCC_SYMBOLS_PRIVATE_EXTERN = NO;
				GCC_TREAT_IMPLICIT_FUNCTION_DECLARATIONS_AS_ERRORS = YES;
				GCC_TREAT_INCOMPATIBLE_POINTER_TYPE_WARNINGS_AS_ERRORS = YES;
				GCC_WARN_64_TO_32_BIT_CONVERSION = YES;
				GCC_WARN_ABOUT_MISSING_FIELD_INITIALIZERS = YES;
				GCC_WARN_ABOUT_MISSING_NEWLINE = YES;
				GCC_WARN_ABOUT_MISSING_PROTOTYPES = YES;
				GCC_WARN_ABOUT_RETURN_TYPE = YES_ERROR;
				GCC_WARN_FOUR_CHARACTER_CONSTANTS = YES;
				GCC_WARN_UNDECLARED_SELECTOR = YES;
				GCC_WARN_UNINITIALIZED_AUTOS = YES_AGGRESSIVE;
				GCC_WARN_UNKNOWN_PRAGMAS = YES;
				GCC_WARN_UNUSED_FUNCTION = YES;
				GCC_WARN_UNUSED_LABEL = YES;
				GCC_WARN_UNUSED_PARAMETER = YES;
				GCC_WARN_UNUSED_VARIABLE = YES;
				MACOSX_DEPLOYMENT_TARGET = 10.9;
				ONLY_ACTIVE_ARCH = YES;
				SDKROOT = macosx;
			};
			name = Debug;
		};
		5B61080019EE5E050071B547 /* Release */ = {
			isa = XCBuildConfiguration;
			buildSettings = {
				ALWAYS_SEARCH_USER_PATHS = NO;
				CLANG_ANALYZER_SECURITY_FLOATLOOPCOUNTER = YES;
				CLANG_ANALYZER_SECURITY_INSECUREAPI_RAND = YES;
				CLANG_ANALYZER_SECURITY_INSECUREAPI_STRCPY = YES;
				CLANG_CXX_LANGUAGE_STANDARD = "gnu++0x";
				CLANG_CXX_LIBRARY = "libc++";
				CLANG_ENABLE_MODULES = YES;
				CLANG_ENABLE_OBJC_ARC = YES;
				CLANG_WARN_ASSIGN_ENUM = YES;
				CLANG_WARN_BOOL_CONVERSION = YES;
				CLANG_WARN_DIRECT_OBJC_ISA_USAGE = YES_ERROR;
				CLANG_WARN_EMPTY_BODY = YES;
				CLANG_WARN_ENUM_CONVERSION = YES;
				CLANG_WARN_IMPLICIT_SIGN_CONVERSION = YES;
				CLANG_WARN_INT_CONVERSION = YES;
				CLANG_WARN_OBJC_REPEATED_USE_OF_WEAK = YES;
				CLANG_WARN_OBJC_ROOT_CLASS = YES_ERROR;
				CLANG_WARN_UNREACHABLE_CODE = YES;
				CLANG_WARN__DUPLICATE_METHOD_MATCH = YES;
				COPY_PHASE_STRIP = YES;
				DEBUG_INFORMATION_FORMAT = "dwarf-with-dsym";
				ENABLE_NS_ASSERTIONS = NO;
				ENABLE_STRICT_OBJC_MSGSEND = YES;
				GCC_C_LANGUAGE_STANDARD = gnu99;
				GCC_TREAT_IMPLICIT_FUNCTION_DECLARATIONS_AS_ERRORS = YES;
				GCC_TREAT_INCOMPATIBLE_POINTER_TYPE_WARNINGS_AS_ERRORS = YES;
				GCC_WARN_64_TO_32_BIT_CONVERSION = YES;
				GCC_WARN_ABOUT_MISSING_FIELD_INITIALIZERS = YES;
				GCC_WARN_ABOUT_MISSING_NEWLINE = YES;
				GCC_WARN_ABOUT_MISSING_PROTOTYPES = YES;
				GCC_WARN_ABOUT_RETURN_TYPE = YES_ERROR;
				GCC_WARN_FOUR_CHARACTER_CONSTANTS = YES;
				GCC_WARN_UNDECLARED_SELECTOR = YES;
				GCC_WARN_UNINITIALIZED_AUTOS = YES_AGGRESSIVE;
				GCC_WARN_UNKNOWN_PRAGMAS = YES;
				GCC_WARN_UNUSED_FUNCTION = YES;
				GCC_WARN_UNUSED_LABEL = YES;
				GCC_WARN_UNUSED_PARAMETER = YES;
				GCC_WARN_UNUSED_VARIABLE = YES;
				MACOSX_DEPLOYMENT_TARGET = 10.9;
				SDKROOT = macosx;
			};
			name = Release;
		};
		5B61080219EE5E050071B547 /* Debug */ = {
			isa = XCBuildConfiguration;
			buildSettings = {
				CLANG_STATIC_ANALYZER_MODE = deep;
				EXECUTABLE_PREFIX = lib;
				PRODUCT_NAME = LinearKit;
				RUN_CLANG_STATIC_ANALYZER = YES;
			};
			name = Debug;
		};
		5B61080319EE5E050071B547 /* Release */ = {
			isa = XCBuildConfiguration;
			buildSettings = {
				CLANG_STATIC_ANALYZER_MODE = deep;
				EXECUTABLE_PREFIX = lib;
				PRODUCT_NAME = LinearKit;
				RUN_CLANG_STATIC_ANALYZER = YES;
			};
			name = Release;
		};
		5BFDB53019EE62D90030DC6F /* Debug */ = {
			isa = XCBuildConfiguration;
			buildSettings = {
				COMBINE_HIDPI_IMAGES = YES;
				FRAMEWORK_SEARCH_PATHS = (
					"$(DEVELOPER_FRAMEWORKS_DIR)",
					"$(inherited)",
				);
				GCC_PREPROCESSOR_DEFINITIONS = (
					"DEBUG=1",
					"$(inherited)",
				);
				INFOPLIST_FILE = Tests/Info.plist;
				LD_RUNPATH_SEARCH_PATHS = "$(inherited) @executable_path/../Frameworks @loader_path/../Frameworks";
				OTHER_LDFLAGS = "-ObjC";
				PRODUCT_NAME = "$(TARGET_NAME)";
			};
			name = Debug;
		};
		5BFDB53119EE62D90030DC6F /* Release */ = {
			isa = XCBuildConfiguration;
			buildSettings = {
				COMBINE_HIDPI_IMAGES = YES;
				FRAMEWORK_SEARCH_PATHS = (
					"$(DEVELOPER_FRAMEWORKS_DIR)",
					"$(inherited)",
				);
				INFOPLIST_FILE = Tests/Info.plist;
				LD_RUNPATH_SEARCH_PATHS = "$(inherited) @executable_path/../Frameworks @loader_path/../Frameworks";
				OTHER_LDFLAGS = "-ObjC";
				PRODUCT_NAME = "$(TARGET_NAME)";
			};
			name = Release;
		};
/* End XCBuildConfiguration section */

/* Begin XCConfigurationList section */
		5B6107EB19EE5E050071B547 /* Build configuration list for PBXProject "LinearKit" */ = {
			isa = XCConfigurationList;
			buildConfigurations = (
				5B6107FF19EE5E050071B547 /* Debug */,
				5B61080019EE5E050071B547 /* Release */,
			);
			defaultConfigurationIsVisible = 0;
			defaultConfigurationName = Release;
		};
		5B61080119EE5E050071B547 /* Build configuration list for PBXNativeTarget "LinearKit" */ = {
			isa = XCConfigurationList;
			buildConfigurations = (
				5B61080219EE5E050071B547 /* Debug */,
				5B61080319EE5E050071B547 /* Release */,
			);
			defaultConfigurationIsVisible = 0;
			defaultConfigurationName = Release;
		};
		5BFDB52F19EE62D90030DC6F /* Build configuration list for PBXNativeTarget "Tests" */ = {
			isa = XCConfigurationList;
			buildConfigurations = (
				5BFDB53019EE62D90030DC6F /* Debug */,
				5BFDB53119EE62D90030DC6F /* Release */,
			);
			defaultConfigurationIsVisible = 0;
			defaultConfigurationName = Release;
		};
/* End XCConfigurationList section */
	};
	rootObject = 5B6107E819EE5E050071B547 /* Project object */;
}
